
Microsoft Visual Studio Solution File, Format Version 12.00
# Visual Studio Version 17
VisualStudioVersion = 17.14.36221.1
MinimumVisualStudioVersion = 10.0.40219.1
Project("{2150E333-8FDC-42A3-9474-1A3956D46DE8}") = "Solution Items", "Solution Items", "{8EC462FD-D22E-90A8-E5CE-7E832BA40C5D}"
	ProjectSection(SolutionItems) = preProject
		.editorconfig = .editorconfig
		.gitignore = .gitignore
		Directory.Build.props = Directory.Build.props
		README.md = README.md
	EndProjectSection
EndProject
Project("{FAE04EC0-301F-11D3-BF4B-00C04F79EFBC}") = "MyCompany.Microservice.Domain", "src\MyCompany.Microservice.Domain\MyCompany.Microservice.Domain.csproj", "{1E26DDB9-661D-444D-B31D-4C1DA11B4BC2}"
EndProject
Project("{FAE04EC0-301F-11D3-BF4B-00C04F79EFBC}") = "MyCompany.Microservice.Infrastructure", "src\MyCompany.Microservice.Infrastructure\MyCompany.Microservice.Infrastructure.csproj", "{438E22AF-2A12-4979-9096-7912A793F374}"
EndProject
Project("{FAE04EC0-301F-11D3-BF4B-00C04F79EFBC}") = "MyCompany.Microservice.Services", "src\MyCompany.Microservice.Services\MyCompany.Microservice.Services.csproj", "{6C360856-9CC8-42C1-A93D-8900CC689016}"
EndProject
Project("{FAE04EC0-301F-11D3-BF4B-00C04F79EFBC}") = "MyCompany.Microservice.Application", "src\MyCompany.Microservice.ApplicationCore\MyCompany.Microservice.Application.csproj", "{1636EE05-6A9C-4043-BB02-47A718D0AF14}"
EndProject
Project("{FAE04EC0-301F-11D3-BF4B-00C04F79EFBC}") = "MyCompany.Microservice.Api", "src\MyCompany.Microservice.Api\MyCompany.Microservice.Api.csproj", "{800FBF7D-014C-4551-A074-C52656EEB4C8}"
EndProject
Project("{2150E333-8FDC-42A3-9474-1A3956D46DE8}") = "tests", "tests", "{02EA681E-C7D8-13C7-8484-4AC65E1B71E8}"
EndProject
Project("{FAE04EC0-301F-11D3-BF4B-00C04F79EFBC}") = "MyCompany.Microservice.Domain.UnitTest", "tests\MyCompany.Microservice.Domain.UnitTest\MyCompany.Microservice.Domain.UnitTest.csproj", "{4934E2E3-DF6E-40FA-A468-2B7656A2DD94}"
EndProject
Project("{FAE04EC0-301F-11D3-BF4B-00C04F79EFBC}") = "MyCompany.Microservice.Infrastructure.UnitTest", "tests\MyCompany.Microservice.Infrastructure.UnitTest\MyCompany.Microservice.Infrastructure.UnitTest.csproj", "{2D55EA70-41D1-4D10-A848-64FFE5EA11A7}"
EndProject
Project("{FAE04EC0-301F-11D3-BF4B-00C04F79EFBC}") = "MyCompany.Microservice.BaseTest", "tests\MyCompany.Microservice.BaseTest\MyCompany.Microservice.BaseTest.csproj", "{9F652783-1337-403D-BF03-612F2269A44C}"
EndProject
Project("{FAE04EC0-301F-11D3-BF4B-00C04F79EFBC}") = "MyCompany.Microservice.Services.UnitTest", "tests\MyCompany.Microservice.Services.UnitTest\MyCompany.Microservice.Services.UnitTest.csproj", "{1C913101-A8EF-4C1F-BD3D-01C74D6E5D5B}"
EndProject
Project("{FAE04EC0-301F-11D3-BF4B-00C04F79EFBC}") = "MyCompany.Microservice.Application.UnitTest", "tests\MyCompany.Microservice.Application.UnitTest\MyCompany.Microservice.Application.UnitTest.csproj", "{F3F9DDFB-DBBF-4B29-BBD4-DD78D71B075A}"
EndProject
Project("{FAE04EC0-301F-11D3-BF4B-00C04F79EFBC}") = "MyCompany.Microservice.Api.UnitTest", "tests\MyCompany.Microservice.Api.UnitTest\MyCompany.Microservice.Api.UnitTest.csproj", "{0CB2C0B3-1CE2-4624-92E3-C88F0D26892C}"
EndProject
Global
	GlobalSection(SolutionConfigurationPlatforms) = preSolution
		Debug|Any CPU = Debug|Any CPU
		Release|Any CPU = Release|Any CPU
	EndGlobalSection
	GlobalSection(ProjectConfigurationPlatforms) = postSolution
		{1E26DDB9-661D-444D-B31D-4C1DA11B4BC2}.Debug|Any CPU.ActiveCfg = Debug|Any CPU
		{1E26DDB9-661D-444D-B31D-4C1DA11B4BC2}.Debug|Any CPU.Build.0 = Debug|Any CPU
		{1E26DDB9-661D-444D-B31D-4C1DA11B4BC2}.Release|Any CPU.ActiveCfg = Release|Any CPU
		{1E26DDB9-661D-444D-B31D-4C1DA11B4BC2}.Release|Any CPU.Build.0 = Release|Any CPU
		{438E22AF-2A12-4979-9096-7912A793F374}.Debug|Any CPU.ActiveCfg = Debug|Any CPU
		{438E22AF-2A12-4979-9096-7912A793F374}.Debug|Any CPU.Build.0 = Debug|Any CPU
		{438E22AF-2A12-4979-9096-7912A793F374}.Release|Any CPU.ActiveCfg = Release|Any CPU
		{438E22AF-2A12-4979-9096-7912A793F374}.Release|Any CPU.Build.0 = Release|Any CPU
		{6C360856-9CC8-42C1-A93D-8900CC689016}.Debug|Any CPU.ActiveCfg = Debug|Any CPU
		{6C360856-9CC8-42C1-A93D-8900CC689016}.Debug|Any CPU.Build.0 = Debug|Any CPU
		{6C360856-9CC8-42C1-A93D-8900CC689016}.Release|Any CPU.ActiveCfg = Release|Any CPU
		{6C360856-9CC8-42C1-A93D-8900CC689016}.Release|Any CPU.Build.0 = Release|Any CPU
		{1636EE05-6A9C-4043-BB02-47A718D0AF14}.Debug|Any CPU.ActiveCfg = Debug|Any CPU
		{1636EE05-6A9C-4043-BB02-47A718D0AF14}.Debug|Any CPU.Build.0 = Debug|Any CPU
		{1636EE05-6A9C-4043-BB02-47A718D0AF14}.Release|Any CPU.ActiveCfg = Release|Any CPU
		{1636EE05-6A9C-4043-BB02-47A718D0AF14}.Release|Any CPU.Build.0 = Release|Any CPU
		{800FBF7D-014C-4551-A074-C52656EEB4C8}.Debug|Any CPU.ActiveCfg = Debug|Any CPU
		{800FBF7D-014C-4551-A074-C52656EEB4C8}.Debug|Any CPU.Build.0 = Debug|Any CPU
		{800FBF7D-014C-4551-A074-C52656EEB4C8}.Release|Any CPU.ActiveCfg = Release|Any CPU
		{800FBF7D-014C-4551-A074-C52656EEB4C8}.Release|Any CPU.Build.0 = Release|Any CPU
		{4934E2E3-DF6E-40FA-A468-2B7656A2DD94}.Debug|Any CPU.ActiveCfg = Debug|Any CPU
		{4934E2E3-DF6E-40FA-A468-2B7656A2DD94}.Debug|Any CPU.Build.0 = Debug|Any CPU
		{4934E2E3-DF6E-40FA-A468-2B7656A2DD94}.Release|Any CPU.ActiveCfg = Release|Any CPU
		{4934E2E3-DF6E-40FA-A468-2B7656A2DD94}.Release|Any CPU.Build.0 = Release|Any CPU
		{2D55EA70-41D1-4D10-A848-64FFE5EA11A7}.Debug|Any CPU.ActiveCfg = Debug|Any CPU
		{2D55EA70-41D1-4D10-A848-64FFE5EA11A7}.Debug|Any CPU.Build.0 = Debug|Any CPU
		{2D55EA70-41D1-4D10-A848-64FFE5EA11A7}.Release|Any CPU.ActiveCfg = Release|Any CPU
		{2D55EA70-41D1-4D10-A848-64FFE5EA11A7}.Release|Any CPU.Build.0 = Release|Any CPU
		{9F652783-1337-403D-BF03-612F2269A44C}.Debug|Any CPU.ActiveCfg = Debug|Any CPU
		{9F652783-1337-403D-BF03-612F2269A44C}.Debug|Any CPU.Build.0 = Debug|Any CPU
		{9F652783-1337-403D-BF03-612F2269A44C}.Release|Any CPU.ActiveCfg = Release|Any CPU
		{9F652783-1337-403D-BF03-612F2269A44C}.Release|Any CPU.Build.0 = Release|Any CPU
		{1C913101-A8EF-4C1F-BD3D-01C74D6E5D5B}.Debug|Any CPU.ActiveCfg = Debug|Any CPU
		{1C913101-A8EF-4C1F-BD3D-01C74D6E5D5B}.Debug|Any CPU.Build.0 = Debug|Any CPU
		{1C913101-A8EF-4C1F-BD3D-01C74D6E5D5B}.Release|Any CPU.ActiveCfg = Release|Any CPU
		{1C913101-A8EF-4C1F-BD3D-01C74D6E5D5B}.Release|Any CPU.Build.0 = Release|Any CPU
		{F3F9DDFB-DBBF-4B29-BBD4-DD78D71B075A}.Debug|Any CPU.ActiveCfg = Debug|Any CPU
		{F3F9DDFB-DBBF-4B29-BBD4-DD78D71B075A}.Debug|Any CPU.Build.0 = Debug|Any CPU
		{F3F9DDFB-DBBF-4B29-BBD4-DD78D71B075A}.Release|Any CPU.ActiveCfg = Release|Any CPU
		{F3F9DDFB-DBBF-4B29-BBD4-DD78D71B075A}.Release|Any CPU.Build.0 = Release|Any CPU
		{0CB2C0B3-1CE2-4624-92E3-C88F0D26892C}.Debug|Any CPU.ActiveCfg = Debug|Any CPU
		{0CB2C0B3-1CE2-4624-92E3-C88F0D26892C}.Debug|Any CPU.Build.0 = Debug|Any CPU
		{0CB2C0B3-1CE2-4624-92E3-C88F0D26892C}.Release|Any CPU.ActiveCfg = Release|Any CPU
		{0CB2C0B3-1CE2-4624-92E3-C88F0D26892C}.Release|Any CPU.Build.0 = Release|Any CPU
	EndGlobalSection
	GlobalSection(SolutionProperties) = preSolution
		HideSolutionNode = FALSE
	EndGlobalSection
	GlobalSection(NestedProjects) = preSolution
		{4934E2E3-DF6E-40FA-A468-2B7656A2DD94} = {02EA681E-C7D8-13C7-8484-4AC65E1B71E8}
		{2D55EA70-41D1-4D10-A848-64FFE5EA11A7} = {02EA681E-C7D8-13C7-8484-4AC65E1B71E8}
		{9F652783-1337-403D-BF03-612F2269A44C} = {02EA681E-C7D8-13C7-8484-4AC65E1B71E8}
		{1C913101-A8EF-4C1F-BD3D-01C74D6E5D5B} = {02EA681E-C7D8-13C7-8484-4AC65E1B71E8}
		{F3F9DDFB-DBBF-4B29-BBD4-DD78D71B075A} = {02EA681E-C7D8-13C7-8484-4AC65E1B71E8}
		{0CB2C0B3-1CE2-4624-92E3-C88F0D26892C} = {02EA681E-C7D8-13C7-8484-4AC65E1B71E8}
	EndGlobalSection
	GlobalSection(ExtensibilityGlobals) = postSolution
		SolutionGuid = {05C11E93-83A2-40AC-BFFF-4210FD18F25D}
	EndGlobalSection
EndGlobal
